// !$*UTF8*$!
{
	archiveVersion = 1;
	classes = {
	};
	objectVersion = 56;
	objects = {

/* Begin PBXBuildFile section */
		3225B40D29617EAC006280FD /* BalloonViewDirectionType.swift in Sources */ = {isa = PBXBuildFile; fileRef = 3225B40C29617EAC006280FD /* BalloonViewDirectionType.swift */; };
		3225B40F29617EF8006280FD /* BalloonView.swift in Sources */ = {isa = PBXBuildFile; fileRef = 3225B40E29617EF8006280FD /* BalloonView.swift */; };
		32305181295933B10031D0EC /* HowToUseItemList.swift in Sources */ = {isa = PBXBuildFile; fileRef = 32305180295933B10031D0EC /* HowToUseItemList.swift */; };
		3230518D295944B80031D0EC /* HelpDiscription.swift in Sources */ = {isa = PBXBuildFile; fileRef = 3230518C295944B80031D0EC /* HelpDiscription.swift */; };
		32C8E9292961C03000AAFAB8 /* UserGuideCell.swift in Sources */ = {isa = PBXBuildFile; fileRef = 32C8E9282961C03000AAFAB8 /* UserGuideCell.swift */; };
		521970B7293725AC0054365F /* HistoryViewController.swift in Sources */ = {isa = PBXBuildFile; fileRef = 521970B6293725AC0054365F /* HistoryViewController.swift */; };
		8A036A59295C69170036CE12 /* LocationNameCell.swift in Sources */ = {isa = PBXBuildFile; fileRef = 8A036A57295C69170036CE12 /* LocationNameCell.swift */; };
		8A036A5A295C69170036CE12 /* LocationNameCell.xib in Resources */ = {isa = PBXBuildFile; fileRef = 8A036A58295C69170036CE12 /* LocationNameCell.xib */; };
		8A036A5D295C692F0036CE12 /* LocationAddressCell.swift in Sources */ = {isa = PBXBuildFile; fileRef = 8A036A5B295C692F0036CE12 /* LocationAddressCell.swift */; };
		8A036A5E295C692F0036CE12 /* LocationAddressCell.xib in Resources */ = {isa = PBXBuildFile; fileRef = 8A036A5C295C692F0036CE12 /* LocationAddressCell.xib */; };
		8A036A61295C693F0036CE12 /* SettingCell.swift in Sources */ = {isa = PBXBuildFile; fileRef = 8A036A5F295C693F0036CE12 /* SettingCell.swift */; };
		8A036A62295C693F0036CE12 /* SettingCell.xib in Resources */ = {isa = PBXBuildFile; fileRef = 8A036A60295C693F0036CE12 /* SettingCell.xib */; };
		8A1A35062943C5C5002B3B77 /* CalendarTests.swift in Sources */ = {isa = PBXBuildFile; fileRef = 8A1A35052943C5C5002B3B77 /* CalendarTests.swift */; };
		8A1A35132943C5DF002B3B77 /* CalendarUITests.swift in Sources */ = {isa = PBXBuildFile; fileRef = 8A1A35122943C5DF002B3B77 /* CalendarUITests.swift */; };
		8A1A351D2943C623002B3B77 /* UIColor+.swift in Sources */ = {isa = PBXBuildFile; fileRef = 8A1A351C2943C623002B3B77 /* UIColor+.swift */; };
		8A1A35202943C652002B3B77 /* CalendarUseCase.swift in Sources */ = {isa = PBXBuildFile; fileRef = 8A1A351F2943C652002B3B77 /* CalendarUseCase.swift */; };
		8A1A35222943C66E002B3B77 /* DateItems.swift in Sources */ = {isa = PBXBuildFile; fileRef = 8A1A35212943C66E002B3B77 /* DateItems.swift */; };
		8A1A35252943C69C002B3B77 /* CalendarViewController.swift in Sources */ = {isa = PBXBuildFile; fileRef = 8A1A35242943C69C002B3B77 /* CalendarViewController.swift */; };
		8A1A35272943C6AF002B3B77 /* CalendarController.swift in Sources */ = {isa = PBXBuildFile; fileRef = 8A1A35262943C6AF002B3B77 /* CalendarController.swift */; };
		8A1A35292943C6CC002B3B77 /* CalendarPresenter.swift in Sources */ = {isa = PBXBuildFile; fileRef = 8A1A35282943C6CC002B3B77 /* CalendarPresenter.swift */; };
		8A1A352B2943C732002B3B77 /* DetailItemListViewController.swift in Sources */ = {isa = PBXBuildFile; fileRef = 8A1A352A2943C732002B3B77 /* DetailItemListViewController.swift */; };
		8A8615A52939E6E4002634A1 /* ItemListViewController.swift in Sources */ = {isa = PBXBuildFile; fileRef = 8A8615A42939E6E4002634A1 /* ItemListViewController.swift */; };
		8A8615A72939E925002634A1 /* EventController.swift in Sources */ = {isa = PBXBuildFile; fileRef = 8A8615A62939E925002634A1 /* EventController.swift */; };
		8A8C5CC2295DE84C000BE6CA /* CalendarPlusViewController.swift in Sources */ = {isa = PBXBuildFile; fileRef = 8A8C5CC1295DE84C000BE6CA /* CalendarPlusViewController.swift */; };
		8A8C5CC4295DE85D000BE6CA /* CalendarListViewController.swift in Sources */ = {isa = PBXBuildFile; fileRef = 8A8C5CC3295DE85D000BE6CA /* CalendarListViewController.swift */; };
		941A6871295043ED003B1E5C /* SearchViewController.swift in Sources */ = {isa = PBXBuildFile; fileRef = 941A6870295043ED003B1E5C /* SearchViewController.swift */; };
		9421C0E32924B359005A40C1 /* LocationViewController.swift in Sources */ = {isa = PBXBuildFile; fileRef = 9421C0E22924B359005A40C1 /* LocationViewController.swift */; };
		9421C0E52924B381005A40C1 /* PlusViewController.swift in Sources */ = {isa = PBXBuildFile; fileRef = 9421C0E42924B381005A40C1 /* PlusViewController.swift */; };
		9421C0E72924B3A8005A40C1 /* EditViewController.swift in Sources */ = {isa = PBXBuildFile; fileRef = 9421C0E62924B3A8005A40C1 /* EditViewController.swift */; };
		9421C0ED2924B5E6005A40C1 /* CollectionViewCell.xib in Resources */ = {isa = PBXBuildFile; fileRef = 9421C0EC2924B5E5005A40C1 /* CollectionViewCell.xib */; };
		9421C0EF2924B8FC005A40C1 /* MapViewController.swift in Sources */ = {isa = PBXBuildFile; fileRef = 9421C0EE2924B8FC005A40C1 /* MapViewController.swift */; };
		9421C0F72924C395005A40C1 /* ViewController.swift in Sources */ = {isa = PBXBuildFile; fileRef = 9421C0F62924C395005A40C1 /* ViewController.swift */; };
		9462EF71293DC1E3002A7B09 /* LocaitonMapViewController.swift in Sources */ = {isa = PBXBuildFile; fileRef = 9462EF70293DC1E3002A7B09 /* LocaitonMapViewController.swift */; };
		9498394D295DF4A100F3A538 /* ArticleEntity.swift in Sources */ = {isa = PBXBuildFile; fileRef = 9498394C295DF4A100F3A538 /* ArticleEntity.swift */; };
		94983951295DF56000F3A538 /* UICollectionViewExtension.swift in Sources */ = {isa = PBXBuildFile; fileRef = 94983950295DF56000F3A538 /* UICollectionViewExtension.swift */; };
		94983953295DF5B500F3A538 /* NSObjectProtocolExtension.swift in Sources */ = {isa = PBXBuildFile; fileRef = 94983952295DF5B500F3A538 /* NSObjectProtocolExtension.swift */; };
		94983955295DF62400F3A538 /* UIColorExtension.swift in Sources */ = {isa = PBXBuildFile; fileRef = 94983954295DF62400F3A538 /* UIColorExtension.swift */; };
		9498395A295DF68C00F3A538 /* AppConstant.swift in Sources */ = {isa = PBXBuildFile; fileRef = 94983959295DF68C00F3A538 /* AppConstant.swift */; };
		9498395D295DF6DC00F3A538 /* ArticleMock.swift in Sources */ = {isa = PBXBuildFile; fileRef = 9498395C295DF6DC00F3A538 /* ArticleMock.swift */; };
		94983960295DF71F00F3A538 /* CustomViewBase.swift in Sources */ = {isa = PBXBuildFile; fileRef = 9498395F295DF71F00F3A538 /* CustomViewBase.swift */; };
		94983963295DF76D00F3A538 /* ContentsDetailHeaderView.swift in Sources */ = {isa = PBXBuildFile; fileRef = 94983962295DF76D00F3A538 /* ContentsDetailHeaderView.swift */; };
		94983965295DF7BA00F3A538 /* CategoryScrollTabViewCell.swift in Sources */ = {isa = PBXBuildFile; fileRef = 94983964295DF7BA00F3A538 /* CategoryScrollTabViewCell.swift */; };
		94983967295DF7E300F3A538 /* CategoryScrollTabViewCell.xib in Resources */ = {isa = PBXBuildFile; fileRef = 94983966295DF7E300F3A538 /* CategoryScrollTabViewCell.xib */; };
		94983969295DF81E00F3A538 /* CategoryScrollTabViewFlowLayout.swift in Sources */ = {isa = PBXBuildFile; fileRef = 94983968295DF81E00F3A538 /* CategoryScrollTabViewFlowLayout.swift */; };
		9498396C295DF88F00F3A538 /* CategoryScrollContentsViewController.swift in Sources */ = {isa = PBXBuildFile; fileRef = 9498396B295DF88F00F3A538 /* CategoryScrollContentsViewController.swift */; };
		9498396E295DF8CC00F3A538 /* CategoryScrollTabViewController.swift in Sources */ = {isa = PBXBuildFile; fileRef = 9498396D295DF8CC00F3A538 /* CategoryScrollTabViewController.swift */; };
		94983970295DF90800F3A538 /* ArticleViewController.swift in Sources */ = {isa = PBXBuildFile; fileRef = 9498396F295DF90800F3A538 /* ArticleViewController.swift */; };
		94983972295DF92F00F3A538 /* Article.storyboard in Resources */ = {isa = PBXBuildFile; fileRef = 94983971295DF92F00F3A538 /* Article.storyboard */; };
		94EFDA6A2962EA9100DED4A5 /* ContentsTableViewCell.swift in Sources */ = {isa = PBXBuildFile; fileRef = 94EFDA682962EA9100DED4A5 /* ContentsTableViewCell.swift */; };
		94EFDA6B2962EA9100DED4A5 /* ContentsTableViewCell.xib in Resources */ = {isa = PBXBuildFile; fileRef = 94EFDA692962EA9100DED4A5 /* ContentsTableViewCell.xib */; };
		94EFDA7B2965E8E000DED4A5 /* Main.storyboard in Resources */ = {isa = PBXBuildFile; fileRef = 94EFDA7A2965E8E000DED4A5 /* Main.storyboard */; };
		94EFDA842967365500DED4A5 /* mapstogpx20230105_164600.gpx in Resources */ = {isa = PBXBuildFile; fileRef = 94EFDA832967365500DED4A5 /* mapstogpx20230105_164600.gpx */; };
		FCB45D1028E988AE002D9D59 /* AppDelegate.swift in Sources */ = {isa = PBXBuildFile; fileRef = FCB45D0F28E988AE002D9D59 /* AppDelegate.swift */; };
		FCB45D1228E988AE002D9D59 /* SceneDelegate.swift in Sources */ = {isa = PBXBuildFile; fileRef = FCB45D1128E988AE002D9D59 /* SceneDelegate.swift */; };
		FCB45D1928E988B1002D9D59 /* Assets.xcassets in Resources */ = {isa = PBXBuildFile; fileRef = FCB45D1828E988B1002D9D59 /* Assets.xcassets */; };
		FCB45D1C28E988B1002D9D59 /* LaunchScreen.storyboard in Resources */ = {isa = PBXBuildFile; fileRef = FCB45D1A28E988B1002D9D59 /* LaunchScreen.storyboard */; };
/* End PBXBuildFile section */

/* Begin PBXContainerItemProxy section */
		8A1A35072943C5C5002B3B77 /* PBXContainerItemProxy */ = {
			isa = PBXContainerItemProxy;
			containerPortal = FCB45D0428E988AE002D9D59 /* Project object */;
			proxyType = 1;
			remoteGlobalIDString = FCB45D0B28E988AE002D9D59;
			remoteInfo = enPiT2SUProduct;
		};
		8A1A35162943C5DF002B3B77 /* PBXContainerItemProxy */ = {
			isa = PBXContainerItemProxy;
			containerPortal = FCB45D0428E988AE002D9D59 /* Project object */;
			proxyType = 1;
			remoteGlobalIDString = FCB45D0B28E988AE002D9D59;
			remoteInfo = enPiT2SUProduct;
		};
/* End PBXContainerItemProxy section */

/* Begin PBXFileReference section */
		3225B40C29617EAC006280FD /* BalloonViewDirectionType.swift */ = {isa = PBXFileReference; lastKnownFileType = sourcecode.swift; path = BalloonViewDirectionType.swift; sourceTree = "<group>"; };
		3225B40E29617EF8006280FD /* BalloonView.swift */ = {isa = PBXFileReference; lastKnownFileType = sourcecode.swift; path = BalloonView.swift; sourceTree = "<group>"; };
		32305180295933B10031D0EC /* HowToUseItemList.swift */ = {isa = PBXFileReference; lastKnownFileType = sourcecode.swift; path = HowToUseItemList.swift; sourceTree = "<group>"; };
		3230518C295944B80031D0EC /* HelpDiscription.swift */ = {isa = PBXFileReference; lastKnownFileType = sourcecode.swift; path = HelpDiscription.swift; sourceTree = "<group>"; };
		32C8E9282961C03000AAFAB8 /* UserGuideCell.swift */ = {isa = PBXFileReference; lastKnownFileType = sourcecode.swift; path = UserGuideCell.swift; sourceTree = "<group>"; };
		521970B6293725AC0054365F /* HistoryViewController.swift */ = {isa = PBXFileReference; lastKnownFileType = sourcecode.swift; path = HistoryViewController.swift; sourceTree = "<group>"; };
		8A036A57295C69170036CE12 /* LocationNameCell.swift */ = {isa = PBXFileReference; lastKnownFileType = sourcecode.swift; path = LocationNameCell.swift; sourceTree = "<group>"; };
		8A036A58295C69170036CE12 /* LocationNameCell.xib */ = {isa = PBXFileReference; lastKnownFileType = file.xib; path = LocationNameCell.xib; sourceTree = "<group>"; };
		8A036A5B295C692F0036CE12 /* LocationAddressCell.swift */ = {isa = PBXFileReference; lastKnownFileType = sourcecode.swift; path = LocationAddressCell.swift; sourceTree = "<group>"; };
		8A036A5C295C692F0036CE12 /* LocationAddressCell.xib */ = {isa = PBXFileReference; lastKnownFileType = file.xib; path = LocationAddressCell.xib; sourceTree = "<group>"; };
		8A036A5F295C693F0036CE12 /* SettingCell.swift */ = {isa = PBXFileReference; lastKnownFileType = sourcecode.swift; path = SettingCell.swift; sourceTree = "<group>"; };
		8A036A60295C693F0036CE12 /* SettingCell.xib */ = {isa = PBXFileReference; lastKnownFileType = file.xib; path = SettingCell.xib; sourceTree = "<group>"; };
		8A1A35032943C5C5002B3B77 /* CalendarTests.xctest */ = {isa = PBXFileReference; explicitFileType = wrapper.cfbundle; includeInIndex = 0; path = CalendarTests.xctest; sourceTree = BUILT_PRODUCTS_DIR; };
		8A1A35052943C5C5002B3B77 /* CalendarTests.swift */ = {isa = PBXFileReference; lastKnownFileType = sourcecode.swift; path = CalendarTests.swift; sourceTree = "<group>"; };
		8A1A35102943C5DE002B3B77 /* CalendarUITests.xctest */ = {isa = PBXFileReference; explicitFileType = wrapper.cfbundle; includeInIndex = 0; path = CalendarUITests.xctest; sourceTree = BUILT_PRODUCTS_DIR; };
		8A1A35122943C5DF002B3B77 /* CalendarUITests.swift */ = {isa = PBXFileReference; lastKnownFileType = sourcecode.swift; path = CalendarUITests.swift; sourceTree = "<group>"; };
		8A1A351C2943C623002B3B77 /* UIColor+.swift */ = {isa = PBXFileReference; lastKnownFileType = sourcecode.swift; path = "UIColor+.swift"; sourceTree = "<group>"; };
		8A1A351F2943C652002B3B77 /* CalendarUseCase.swift */ = {isa = PBXFileReference; lastKnownFileType = sourcecode.swift; path = CalendarUseCase.swift; sourceTree = "<group>"; };
		8A1A35212943C66E002B3B77 /* DateItems.swift */ = {isa = PBXFileReference; lastKnownFileType = sourcecode.swift; path = DateItems.swift; sourceTree = "<group>"; };
		8A1A35242943C69C002B3B77 /* CalendarViewController.swift */ = {isa = PBXFileReference; lastKnownFileType = sourcecode.swift; path = CalendarViewController.swift; sourceTree = "<group>"; };
		8A1A35262943C6AF002B3B77 /* CalendarController.swift */ = {isa = PBXFileReference; lastKnownFileType = sourcecode.swift; path = CalendarController.swift; sourceTree = "<group>"; };
		8A1A35282943C6CC002B3B77 /* CalendarPresenter.swift */ = {isa = PBXFileReference; lastKnownFileType = sourcecode.swift; path = CalendarPresenter.swift; sourceTree = "<group>"; };
		8A1A352A2943C732002B3B77 /* DetailItemListViewController.swift */ = {isa = PBXFileReference; lastKnownFileType = sourcecode.swift; path = DetailItemListViewController.swift; sourceTree = "<group>"; };
		8A8615A42939E6E4002634A1 /* ItemListViewController.swift */ = {isa = PBXFileReference; lastKnownFileType = sourcecode.swift; path = ItemListViewController.swift; sourceTree = "<group>"; };
		8A8615A62939E925002634A1 /* EventController.swift */ = {isa = PBXFileReference; lastKnownFileType = sourcecode.swift; path = EventController.swift; sourceTree = "<group>"; };
		8A8C5CC1295DE84C000BE6CA /* CalendarPlusViewController.swift */ = {isa = PBXFileReference; lastKnownFileType = sourcecode.swift; path = CalendarPlusViewController.swift; sourceTree = "<group>"; };
		8A8C5CC3295DE85D000BE6CA /* CalendarListViewController.swift */ = {isa = PBXFileReference; lastKnownFileType = sourcecode.swift; path = CalendarListViewController.swift; sourceTree = "<group>"; };
		941A6870295043ED003B1E5C /* SearchViewController.swift */ = {isa = PBXFileReference; lastKnownFileType = sourcecode.swift; path = SearchViewController.swift; sourceTree = "<group>"; };
		9421C0E22924B359005A40C1 /* LocationViewController.swift */ = {isa = PBXFileReference; fileEncoding = 4; lastKnownFileType = sourcecode.swift; path = LocationViewController.swift; sourceTree = "<group>"; };
		9421C0E42924B381005A40C1 /* PlusViewController.swift */ = {isa = PBXFileReference; fileEncoding = 4; lastKnownFileType = sourcecode.swift; path = PlusViewController.swift; sourceTree = "<group>"; };
		9421C0E62924B3A8005A40C1 /* EditViewController.swift */ = {isa = PBXFileReference; fileEncoding = 4; lastKnownFileType = sourcecode.swift; path = EditViewController.swift; sourceTree = "<group>"; };
		9421C0EC2924B5E5005A40C1 /* CollectionViewCell.xib */ = {isa = PBXFileReference; fileEncoding = 4; lastKnownFileType = file.xib; path = CollectionViewCell.xib; sourceTree = "<group>"; };
		9421C0EE2924B8FC005A40C1 /* MapViewController.swift */ = {isa = PBXFileReference; fileEncoding = 4; lastKnownFileType = sourcecode.swift; path = MapViewController.swift; sourceTree = "<group>"; };
		9421C0F62924C395005A40C1 /* ViewController.swift */ = {isa = PBXFileReference; fileEncoding = 4; lastKnownFileType = sourcecode.swift; path = ViewController.swift; sourceTree = "<group>"; };
		9462EF70293DC1E3002A7B09 /* LocaitonMapViewController.swift */ = {isa = PBXFileReference; lastKnownFileType = sourcecode.swift; path = LocaitonMapViewController.swift; sourceTree = "<group>"; };
		9498394C295DF4A100F3A538 /* ArticleEntity.swift */ = {isa = PBXFileReference; lastKnownFileType = sourcecode.swift; path = ArticleEntity.swift; sourceTree = "<group>"; };
		94983950295DF56000F3A538 /* UICollectionViewExtension.swift */ = {isa = PBXFileReference; lastKnownFileType = sourcecode.swift; path = UICollectionViewExtension.swift; sourceTree = "<group>"; };
		94983952295DF5B500F3A538 /* NSObjectProtocolExtension.swift */ = {isa = PBXFileReference; lastKnownFileType = sourcecode.swift; path = NSObjectProtocolExtension.swift; sourceTree = "<group>"; };
		94983954295DF62400F3A538 /* UIColorExtension.swift */ = {isa = PBXFileReference; lastKnownFileType = sourcecode.swift; path = UIColorExtension.swift; sourceTree = "<group>"; };
		94983959295DF68C00F3A538 /* AppConstant.swift */ = {isa = PBXFileReference; lastKnownFileType = sourcecode.swift; path = AppConstant.swift; sourceTree = "<group>"; };
		9498395C295DF6DC00F3A538 /* ArticleMock.swift */ = {isa = PBXFileReference; lastKnownFileType = sourcecode.swift; path = ArticleMock.swift; sourceTree = "<group>"; };
		9498395F295DF71F00F3A538 /* CustomViewBase.swift */ = {isa = PBXFileReference; lastKnownFileType = sourcecode.swift; path = CustomViewBase.swift; sourceTree = "<group>"; };
		94983962295DF76D00F3A538 /* ContentsDetailHeaderView.swift */ = {isa = PBXFileReference; lastKnownFileType = sourcecode.swift; path = ContentsDetailHeaderView.swift; sourceTree = "<group>"; };
		94983964295DF7BA00F3A538 /* CategoryScrollTabViewCell.swift */ = {isa = PBXFileReference; lastKnownFileType = sourcecode.swift; path = CategoryScrollTabViewCell.swift; sourceTree = "<group>"; };
		94983966295DF7E300F3A538 /* CategoryScrollTabViewCell.xib */ = {isa = PBXFileReference; fileEncoding = 4; lastKnownFileType = file.xib; path = CategoryScrollTabViewCell.xib; sourceTree = "<group>"; };
		94983968295DF81E00F3A538 /* CategoryScrollTabViewFlowLayout.swift */ = {isa = PBXFileReference; lastKnownFileType = sourcecode.swift; path = CategoryScrollTabViewFlowLayout.swift; sourceTree = "<group>"; };
		9498396B295DF88F00F3A538 /* CategoryScrollContentsViewController.swift */ = {isa = PBXFileReference; lastKnownFileType = sourcecode.swift; path = CategoryScrollContentsViewController.swift; sourceTree = "<group>"; };
		9498396D295DF8CC00F3A538 /* CategoryScrollTabViewController.swift */ = {isa = PBXFileReference; lastKnownFileType = sourcecode.swift; path = CategoryScrollTabViewController.swift; sourceTree = "<group>"; };
		9498396F295DF90800F3A538 /* ArticleViewController.swift */ = {isa = PBXFileReference; lastKnownFileType = sourcecode.swift; path = ArticleViewController.swift; sourceTree = "<group>"; };
		94983971295DF92F00F3A538 /* Article.storyboard */ = {isa = PBXFileReference; fileEncoding = 4; lastKnownFileType = file.storyboard; path = Article.storyboard; sourceTree = "<group>"; };
		94C724C729420754005E0D73 /* enPiT2SUProduct.entitlements */ = {isa = PBXFileReference; lastKnownFileType = text.plist.entitlements; path = enPiT2SUProduct.entitlements; sourceTree = "<group>"; };
		94EFDA682962EA9100DED4A5 /* ContentsTableViewCell.swift */ = {isa = PBXFileReference; lastKnownFileType = sourcecode.swift; path = ContentsTableViewCell.swift; sourceTree = "<group>"; };
		94EFDA692962EA9100DED4A5 /* ContentsTableViewCell.xib */ = {isa = PBXFileReference; lastKnownFileType = file.xib; path = ContentsTableViewCell.xib; sourceTree = "<group>"; };
		94EFDA7A2965E8E000DED4A5 /* Main.storyboard */ = {isa = PBXFileReference; fileEncoding = 4; lastKnownFileType = file.storyboard; path = Main.storyboard; sourceTree = "<group>"; };
		94EFDA832967365500DED4A5 /* mapstogpx20230105_164600.gpx */ = {isa = PBXFileReference; fileEncoding = 4; lastKnownFileType = text.xml; path = mapstogpx20230105_164600.gpx; sourceTree = "<group>"; };
		FCB45D0C28E988AE002D9D59 /* enPiT2SUProduct.app */ = {isa = PBXFileReference; explicitFileType = wrapper.application; includeInIndex = 0; path = enPiT2SUProduct.app; sourceTree = BUILT_PRODUCTS_DIR; };
		FCB45D0F28E988AE002D9D59 /* AppDelegate.swift */ = {isa = PBXFileReference; lastKnownFileType = sourcecode.swift; path = AppDelegate.swift; sourceTree = "<group>"; };
		FCB45D1128E988AE002D9D59 /* SceneDelegate.swift */ = {isa = PBXFileReference; lastKnownFileType = sourcecode.swift; path = SceneDelegate.swift; sourceTree = "<group>"; };
		FCB45D1828E988B1002D9D59 /* Assets.xcassets */ = {isa = PBXFileReference; lastKnownFileType = folder.assetcatalog; path = Assets.xcassets; sourceTree = "<group>"; };
		FCB45D1B28E988B1002D9D59 /* Base */ = {isa = PBXFileReference; lastKnownFileType = file.storyboard; name = Base; path = Base.lproj/LaunchScreen.storyboard; sourceTree = "<group>"; };
		FCB45D1D28E988B1002D9D59 /* Info.plist */ = {isa = PBXFileReference; lastKnownFileType = text.plist.xml; path = Info.plist; sourceTree = "<group>"; };
/* End PBXFileReference section */

/* Begin PBXFrameworksBuildPhase section */
		8A1A35002943C5C5002B3B77 /* Frameworks */ = {
			isa = PBXFrameworksBuildPhase;
			buildActionMask = 2147483647;
			files = (
			);
			runOnlyForDeploymentPostprocessing = 0;
		};
		8A1A350D2943C5DE002B3B77 /* Frameworks */ = {
			isa = PBXFrameworksBuildPhase;
			buildActionMask = 2147483647;
			files = (
			);
			runOnlyForDeploymentPostprocessing = 0;
		};
		FCB45D0928E988AE002D9D59 /* Frameworks */ = {
			isa = PBXFrameworksBuildPhase;
			buildActionMask = 2147483647;
			files = (
			);
			runOnlyForDeploymentPostprocessing = 0;
		};
/* End PBXFrameworksBuildPhase section */

/* Begin PBXGroup section */
		8A036A56295C68FF0036CE12 /* Cell */ = {
			isa = PBXGroup;
			children = (
				8A036A57295C69170036CE12 /* LocationNameCell.swift */,
				8A036A5B295C692F0036CE12 /* LocationAddressCell.swift */,
				8A036A5F295C693F0036CE12 /* SettingCell.swift */,
				32C8E9282961C03000AAFAB8 /* UserGuideCell.swift */,
				8A036A58295C69170036CE12 /* LocationNameCell.xib */,
				8A036A5C295C692F0036CE12 /* LocationAddressCell.xib */,
				8A036A60295C693F0036CE12 /* SettingCell.xib */,
			);
			path = Cell;
			sourceTree = "<group>";
		};
		8A1A35042943C5C5002B3B77 /* CalendarTests */ = {
			isa = PBXGroup;
			children = (
				8A1A35052943C5C5002B3B77 /* CalendarTests.swift */,
			);
			path = CalendarTests;
			sourceTree = "<group>";
		};
		8A1A35112943C5DF002B3B77 /* CalendarUITests */ = {
			isa = PBXGroup;
			children = (
				8A1A35122943C5DF002B3B77 /* CalendarUITests.swift */,
			);
			path = CalendarUITests;
			sourceTree = "<group>";
		};
		8A1A351B2943C5FE002B3B77 /* Extension */ = {
			isa = PBXGroup;
			children = (
				8A1A351C2943C623002B3B77 /* UIColor+.swift */,
				94983952295DF5B500F3A538 /* NSObjectProtocolExtension.swift */,
				94983950295DF56000F3A538 /* UICollectionViewExtension.swift */,
				94983954295DF62400F3A538 /* UIColorExtension.swift */,
			);
			path = Extension;
			sourceTree = "<group>";
		};
		8A1A351E2943C62D002B3B77 /* Domain */ = {
			isa = PBXGroup;
			children = (
				8A1A351F2943C652002B3B77 /* CalendarUseCase.swift */,
				8A1A35212943C66E002B3B77 /* DateItems.swift */,
			);
			path = Domain;
			sourceTree = "<group>";
		};
		8A1A35232943C678002B3B77 /* Presentation */ = {
			isa = PBXGroup;
			children = (
				8A1A35242943C69C002B3B77 /* CalendarViewController.swift */,
				8A1A35262943C6AF002B3B77 /* CalendarController.swift */,
				8A1A35282943C6CC002B3B77 /* CalendarPresenter.swift */,
			);
			path = Presentation;
			sourceTree = "<group>";
		};
		9464736F294C417B0086AE33 /* ViewController */ = {
			isa = PBXGroup;
			children = (
				9498396A295DF86F00F3A538 /* ItemView */,
				8A036A56295C68FF0036CE12 /* Cell */,
				8A8615A62939E925002634A1 /* EventController.swift */,
				3230518C295944B80031D0EC /* HelpDiscription.swift */,
				9421C0E22924B359005A40C1 /* LocationViewController.swift */,
				9421C0E42924B381005A40C1 /* PlusViewController.swift */,
				8A8C5CC1295DE84C000BE6CA /* CalendarPlusViewController.swift */,
				3225B40C29617EAC006280FD /* BalloonViewDirectionType.swift */,
				3225B40E29617EF8006280FD /* BalloonView.swift */,
				8A8C5CC3295DE85D000BE6CA /* CalendarListViewController.swift */,
				9421C0E62924B3A8005A40C1 /* EditViewController.swift */,
				9421C0EE2924B8FC005A40C1 /* MapViewController.swift */,
				9462EF70293DC1E3002A7B09 /* LocaitonMapViewController.swift */,
				941A6870295043ED003B1E5C /* SearchViewController.swift */,
				8A8615A42939E6E4002634A1 /* ItemListViewController.swift */,
				9421C0F62924C395005A40C1 /* ViewController.swift */,
				32305180295933B10031D0EC /* HowToUseItemList.swift */,
				521970B6293725AC0054365F /* HistoryViewController.swift */,
				8A1A352A2943C732002B3B77 /* DetailItemListViewController.swift */,
			);
			path = ViewController;
			sourceTree = "<group>";
		};
		9498394A295DF3EB00F3A538 /* Storyboard */ = {
			isa = PBXGroup;
			children = (
				FCB45D1A28E988B1002D9D59 /* LaunchScreen.storyboard */,
				94EFDA7A2965E8E000DED4A5 /* Main.storyboard */,
				94983971295DF92F00F3A538 /* Article.storyboard */,
				9421C0EC2924B5E5005A40C1 /* CollectionViewCell.xib */,
			);
			path = Storyboard;
			sourceTree = "<group>";
		};
		9498394B295DF45000F3A538 /* Entity */ = {
			isa = PBXGroup;
			children = (
				9498394C295DF4A100F3A538 /* ArticleEntity.swift */,
			);
			path = Entity;
			sourceTree = "<group>";
		};
		94983958295DF67800F3A538 /* Modules */ = {
			isa = PBXGroup;
			children = (
				94983959295DF68C00F3A538 /* AppConstant.swift */,
			);
			path = Modules;
			sourceTree = "<group>";
		};
		9498395B295DF6B900F3A538 /* Data */ = {
			isa = PBXGroup;
			children = (
				9498395C295DF6DC00F3A538 /* ArticleMock.swift */,
			);
			path = Data;
			sourceTree = "<group>";
		};
		9498395E295DF6F300F3A538 /* View */ = {
			isa = PBXGroup;
			children = (
				9498395F295DF71F00F3A538 /* CustomViewBase.swift */,
				94983962295DF76D00F3A538 /* ContentsDetailHeaderView.swift */,
				94983964295DF7BA00F3A538 /* CategoryScrollTabViewCell.swift */,
				94983966295DF7E300F3A538 /* CategoryScrollTabViewCell.xib */,
				94983968295DF81E00F3A538 /* CategoryScrollTabViewFlowLayout.swift */,
			);
			path = View;
			sourceTree = "<group>";
		};
		9498396A295DF86F00F3A538 /* ItemView */ = {
			isa = PBXGroup;
			children = (
				9498396B295DF88F00F3A538 /* CategoryScrollContentsViewController.swift */,
				9498396D295DF8CC00F3A538 /* CategoryScrollTabViewController.swift */,
				94EFDA682962EA9100DED4A5 /* ContentsTableViewCell.swift */,
				94EFDA692962EA9100DED4A5 /* ContentsTableViewCell.xib */,
				9498396F295DF90800F3A538 /* ArticleViewController.swift */,
			);
			path = ItemView;
			sourceTree = "<group>";
		};
		FCB45D0328E988AE002D9D59 = {
			isa = PBXGroup;
			children = (
				94EFDA832967365500DED4A5 /* mapstogpx20230105_164600.gpx */,
				8A1A35042943C5C5002B3B77 /* CalendarTests */,
				8A1A35112943C5DF002B3B77 /* CalendarUITests */,
				FCB45D0E28E988AE002D9D59 /* enPiT2SUProduct */,
				FCB45D0D28E988AE002D9D59 /* Products */,
			);
			sourceTree = "<group>";
		};
		FCB45D0D28E988AE002D9D59 /* Products */ = {
			isa = PBXGroup;
			children = (
				FCB45D0C28E988AE002D9D59 /* enPiT2SUProduct.app */,
				8A1A35032943C5C5002B3B77 /* CalendarTests.xctest */,
				8A1A35102943C5DE002B3B77 /* CalendarUITests.xctest */,
			);
			name = Products;
			sourceTree = "<group>";
		};
		FCB45D0E28E988AE002D9D59 /* enPiT2SUProduct */ = {
			isa = PBXGroup;
			children = (
				9498395E295DF6F300F3A538 /* View */,
				9498395B295DF6B900F3A538 /* Data */,
				94983958295DF67800F3A538 /* Modules */,
				9498394B295DF45000F3A538 /* Entity */,
				9498394A295DF3EB00F3A538 /* Storyboard */,
				8A1A35232943C678002B3B77 /* Presentation */,
				8A1A351E2943C62D002B3B77 /* Domain */,
				8A1A351B2943C5FE002B3B77 /* Extension */,
				94C724C729420754005E0D73 /* enPiT2SUProduct.entitlements */,
				FCB45D0F28E988AE002D9D59 /* AppDelegate.swift */,
				FCB45D1128E988AE002D9D59 /* SceneDelegate.swift */,
				FCB45D1828E988B1002D9D59 /* Assets.xcassets */,
				FCB45D1D28E988B1002D9D59 /* Info.plist */,
				9464736F294C417B0086AE33 /* ViewController */,
			);
			path = enPiT2SUProduct;
			sourceTree = "<group>";
		};
/* End PBXGroup section */

/* Begin PBXNativeTarget section */
		8A1A35022943C5C5002B3B77 /* CalendarTests */ = {
			isa = PBXNativeTarget;
			buildConfigurationList = 8A1A350B2943C5C5002B3B77 /* Build configuration list for PBXNativeTarget "CalendarTests" */;
			buildPhases = (
				8A1A34FF2943C5C5002B3B77 /* Sources */,
				8A1A35002943C5C5002B3B77 /* Frameworks */,
				8A1A35012943C5C5002B3B77 /* Resources */,
			);
			buildRules = (
			);
			dependencies = (
				8A1A35082943C5C5002B3B77 /* PBXTargetDependency */,
			);
			name = CalendarTests;
			productName = CalendarTests;
			productReference = 8A1A35032943C5C5002B3B77 /* CalendarTests.xctest */;
			productType = "com.apple.product-type.bundle.unit-test";
		};
		8A1A350F2943C5DE002B3B77 /* CalendarUITests */ = {
			isa = PBXNativeTarget;
			buildConfigurationList = 8A1A35182943C5DF002B3B77 /* Build configuration list for PBXNativeTarget "CalendarUITests" */;
			buildPhases = (
				8A1A350C2943C5DE002B3B77 /* Sources */,
				8A1A350D2943C5DE002B3B77 /* Frameworks */,
				8A1A350E2943C5DE002B3B77 /* Resources */,
			);
			buildRules = (
			);
			dependencies = (
				8A1A35172943C5DF002B3B77 /* PBXTargetDependency */,
			);
			name = CalendarUITests;
			productName = CalendarUITests;
			productReference = 8A1A35102943C5DE002B3B77 /* CalendarUITests.xctest */;
			productType = "com.apple.product-type.bundle.ui-testing";
		};
		FCB45D0B28E988AE002D9D59 /* enPiT2SUProduct */ = {
			isa = PBXNativeTarget;
			buildConfigurationList = FCB45D2028E988B1002D9D59 /* Build configuration list for PBXNativeTarget "enPiT2SUProduct" */;
			buildPhases = (
				FCB45D0828E988AE002D9D59 /* Sources */,
				FCB45D0928E988AE002D9D59 /* Frameworks */,
				FCB45D0A28E988AE002D9D59 /* Resources */,
			);
			buildRules = (
			);
			dependencies = (
			);
			name = enPiT2SUProduct;
			productName = enPiT2SUProduct;
			productReference = FCB45D0C28E988AE002D9D59 /* enPiT2SUProduct.app */;
			productType = "com.apple.product-type.application";
		};
/* End PBXNativeTarget section */

/* Begin PBXProject section */
		FCB45D0428E988AE002D9D59 /* Project object */ = {
			isa = PBXProject;
			attributes = {
				BuildIndependentTargetsInParallel = 1;
				LastSwiftUpdateCheck = 1410;
				LastUpgradeCheck = 1400;
				TargetAttributes = {
					8A1A35022943C5C5002B3B77 = {
						CreatedOnToolsVersion = 14.1;
						TestTargetID = FCB45D0B28E988AE002D9D59;
					};
					8A1A350F2943C5DE002B3B77 = {
						CreatedOnToolsVersion = 14.1;
						TestTargetID = FCB45D0B28E988AE002D9D59;
					};
					FCB45D0B28E988AE002D9D59 = {
						CreatedOnToolsVersion = 14.0;
					};
				};
			};
			buildConfigurationList = FCB45D0728E988AE002D9D59 /* Build configuration list for PBXProject "enPiT2SUProduct" */;
			compatibilityVersion = "Xcode 14.0";
			developmentRegion = en;
			hasScannedForEncodings = 0;
			knownRegions = (
				en,
				Base,
			);
			mainGroup = FCB45D0328E988AE002D9D59;
			productRefGroup = FCB45D0D28E988AE002D9D59 /* Products */;
			projectDirPath = "";
			projectRoot = "";
			targets = (
				FCB45D0B28E988AE002D9D59 /* enPiT2SUProduct */,
				8A1A35022943C5C5002B3B77 /* CalendarTests */,
				8A1A350F2943C5DE002B3B77 /* CalendarUITests */,
			);
		};
/* End PBXProject section */

/* Begin PBXResourcesBuildPhase section */
		8A1A35012943C5C5002B3B77 /* Resources */ = {
			isa = PBXResourcesBuildPhase;
			buildActionMask = 2147483647;
			files = (
			);
			runOnlyForDeploymentPostprocessing = 0;
		};
		8A1A350E2943C5DE002B3B77 /* Resources */ = {
			isa = PBXResourcesBuildPhase;
			buildActionMask = 2147483647;
			files = (
			);
			runOnlyForDeploymentPostprocessing = 0;
		};
		FCB45D0A28E988AE002D9D59 /* Resources */ = {
			isa = PBXResourcesBuildPhase;
			buildActionMask = 2147483647;
			files = (
				FCB45D1C28E988B1002D9D59 /* LaunchScreen.storyboard in Resources */,
				94EFDA7B2965E8E000DED4A5 /* Main.storyboard in Resources */,
				8A036A62295C693F0036CE12 /* SettingCell.xib in Resources */,
				8A036A5A295C69170036CE12 /* LocationNameCell.xib in Resources */,
				9421C0ED2924B5E6005A40C1 /* CollectionViewCell.xib in Resources */,
				94983967295DF7E300F3A538 /* CategoryScrollTabViewCell.xib in Resources */,
				FCB45D1928E988B1002D9D59 /* Assets.xcassets in Resources */,
				94EFDA6B2962EA9100DED4A5 /* ContentsTableViewCell.xib in Resources */,
				94983972295DF92F00F3A538 /* Article.storyboard in Resources */,
				94EFDA842967365500DED4A5 /* mapstogpx20230105_164600.gpx in Resources */,
				8A036A5E295C692F0036CE12 /* LocationAddressCell.xib in Resources */,
			);
			runOnlyForDeploymentPostprocessing = 0;
		};
/* End PBXResourcesBuildPhase section */

/* Begin PBXSourcesBuildPhase section */
		8A1A34FF2943C5C5002B3B77 /* Sources */ = {
			isa = PBXSourcesBuildPhase;
			buildActionMask = 2147483647;
			files = (
				8A1A35062943C5C5002B3B77 /* CalendarTests.swift in Sources */,
			);
			runOnlyForDeploymentPostprocessing = 0;
		};
		8A1A350C2943C5DE002B3B77 /* Sources */ = {
			isa = PBXSourcesBuildPhase;
			buildActionMask = 2147483647;
			files = (
				8A1A35132943C5DF002B3B77 /* CalendarUITests.swift in Sources */,
			);
			runOnlyForDeploymentPostprocessing = 0;
		};
		FCB45D0828E988AE002D9D59 /* Sources */ = {
			isa = PBXSourcesBuildPhase;
			buildActionMask = 2147483647;
			files = (
				94983960295DF71F00F3A538 /* CustomViewBase.swift in Sources */,
				8A1A35252943C69C002B3B77 /* CalendarViewController.swift in Sources */,
				8A8615A72939E925002634A1 /* EventController.swift in Sources */,
				8A036A61295C693F0036CE12 /* SettingCell.swift in Sources */,
				8A8615A52939E6E4002634A1 /* ItemListViewController.swift in Sources */,
				9421C0E52924B381005A40C1 /* PlusViewController.swift in Sources */,
				941A6871295043ED003B1E5C /* SearchViewController.swift in Sources */,
				94EFDA6A2962EA9100DED4A5 /* ContentsTableViewCell.swift in Sources */,
				8A036A59295C69170036CE12 /* LocationNameCell.swift in Sources */,
				3230518D295944B80031D0EC /* HelpDiscription.swift in Sources */,
				94983965295DF7BA00F3A538 /* CategoryScrollTabViewCell.swift in Sources */,
				8A1A352B2943C732002B3B77 /* DetailItemListViewController.swift in Sources */,
				9498394D295DF4A100F3A538 /* ArticleEntity.swift in Sources */,
				9498396E295DF8CC00F3A538 /* CategoryScrollTabViewController.swift in Sources */,
				94983963295DF76D00F3A538 /* ContentsDetailHeaderView.swift in Sources */,
				9462EF71293DC1E3002A7B09 /* LocaitonMapViewController.swift in Sources */,
				8A8C5CC4295DE85D000BE6CA /* CalendarListViewController.swift in Sources */,
				8A1A35222943C66E002B3B77 /* DateItems.swift in Sources */,
				9498396C295DF88F00F3A538 /* CategoryScrollContentsViewController.swift in Sources */,
				94983953295DF5B500F3A538 /* NSObjectProtocolExtension.swift in Sources */,
				9421C0E72924B3A8005A40C1 /* EditViewController.swift in Sources */,
				FCB45D1028E988AE002D9D59 /* AppDelegate.swift in Sources */,
				32C8E9292961C03000AAFAB8 /* UserGuideCell.swift in Sources */,
				94983955295DF62400F3A538 /* UIColorExtension.swift in Sources */,
				FCB45D1228E988AE002D9D59 /* SceneDelegate.swift in Sources */,
				9421C0E32924B359005A40C1 /* LocationViewController.swift in Sources */,
				94983969295DF81E00F3A538 /* CategoryScrollTabViewFlowLayout.swift in Sources */,
				94983951295DF56000F3A538 /* UICollectionViewExtension.swift in Sources */,
				8A1A35202943C652002B3B77 /* CalendarUseCase.swift in Sources */,
				9498395A295DF68C00F3A538 /* AppConstant.swift in Sources */,
				8A1A35292943C6CC002B3B77 /* CalendarPresenter.swift in Sources */,
				8A036A5D295C692F0036CE12 /* LocationAddressCell.swift in Sources */,
				521970B7293725AC0054365F /* HistoryViewController.swift in Sources */,
				8A8C5CC2295DE84C000BE6CA /* CalendarPlusViewController.swift in Sources */,
				8A1A351D2943C623002B3B77 /* UIColor+.swift in Sources */,
				9498395D295DF6DC00F3A538 /* ArticleMock.swift in Sources */,
				94983970295DF90800F3A538 /* ArticleViewController.swift in Sources */,
				9421C0F72924C395005A40C1 /* ViewController.swift in Sources */,
				9421C0EF2924B8FC005A40C1 /* MapViewController.swift in Sources */,
				32305181295933B10031D0EC /* HowToUseItemList.swift in Sources */,
				3225B40D29617EAC006280FD /* BalloonViewDirectionType.swift in Sources */,
				3225B40F29617EF8006280FD /* BalloonView.swift in Sources */,
				8A1A35272943C6AF002B3B77 /* CalendarController.swift in Sources */,
			);
			runOnlyForDeploymentPostprocessing = 0;
		};
/* End PBXSourcesBuildPhase section */

/* Begin PBXTargetDependency section */
		8A1A35082943C5C5002B3B77 /* PBXTargetDependency */ = {
			isa = PBXTargetDependency;
			target = FCB45D0B28E988AE002D9D59 /* enPiT2SUProduct */;
			targetProxy = 8A1A35072943C5C5002B3B77 /* PBXContainerItemProxy */;
		};
		8A1A35172943C5DF002B3B77 /* PBXTargetDependency */ = {
			isa = PBXTargetDependency;
			target = FCB45D0B28E988AE002D9D59 /* enPiT2SUProduct */;
			targetProxy = 8A1A35162943C5DF002B3B77 /* PBXContainerItemProxy */;
		};
/* End PBXTargetDependency section */

/* Begin PBXVariantGroup section */
		FCB45D1A28E988B1002D9D59 /* LaunchScreen.storyboard */ = {
			isa = PBXVariantGroup;
			children = (
				FCB45D1B28E988B1002D9D59 /* Base */,
			);
			name = LaunchScreen.storyboard;
			sourceTree = "<group>";
		};
/* End PBXVariantGroup section */

/* Begin XCBuildConfiguration section */
		8A1A35092943C5C5002B3B77 /* Debug */ = {
			isa = XCBuildConfiguration;
			buildSettings = {
				BUNDLE_LOADER = "$(TEST_HOST)";
				CODE_SIGN_STYLE = Automatic;
				CURRENT_PROJECT_VERSION = 1;
				DEVELOPMENT_TEAM = 23SGV27Y3Y;
				GENERATE_INFOPLIST_FILE = YES;
				IPHONEOS_DEPLOYMENT_TARGET = 16.1;
				MARKETING_VERSION = 1.0;
				PRODUCT_BUNDLE_IDENTIFIER = mysample.CalendarTests;
				PRODUCT_NAME = "$(TARGET_NAME)";
				SWIFT_EMIT_LOC_STRINGS = NO;
				SWIFT_VERSION = 5.0;
				TARGETED_DEVICE_FAMILY = "1,2";
				TEST_HOST = "$(BUILT_PRODUCTS_DIR)/enPiT2SUProduct.app/$(BUNDLE_EXECUTABLE_FOLDER_PATH)/enPiT2SUProduct";
			};
			name = Debug;
		};
		8A1A350A2943C5C5002B3B77 /* Release */ = {
			isa = XCBuildConfiguration;
			buildSettings = {
				BUNDLE_LOADER = "$(TEST_HOST)";
				CODE_SIGN_STYLE = Automatic;
				CURRENT_PROJECT_VERSION = 1;
				DEVELOPMENT_TEAM = 23SGV27Y3Y;
				GENERATE_INFOPLIST_FILE = YES;
				IPHONEOS_DEPLOYMENT_TARGET = 16.1;
				MARKETING_VERSION = 1.0;
				PRODUCT_BUNDLE_IDENTIFIER = mysample.CalendarTests;
				PRODUCT_NAME = "$(TARGET_NAME)";
				SWIFT_EMIT_LOC_STRINGS = NO;
				SWIFT_VERSION = 5.0;
				TARGETED_DEVICE_FAMILY = "1,2";
				TEST_HOST = "$(BUILT_PRODUCTS_DIR)/enPiT2SUProduct.app/$(BUNDLE_EXECUTABLE_FOLDER_PATH)/enPiT2SUProduct";
			};
			name = Release;
		};
		8A1A35192943C5DF002B3B77 /* Debug */ = {
			isa = XCBuildConfiguration;
			buildSettings = {
				CODE_SIGN_STYLE = Automatic;
				CURRENT_PROJECT_VERSION = 1;
				DEVELOPMENT_TEAM = 23SGV27Y3Y;
				GENERATE_INFOPLIST_FILE = YES;
				IPHONEOS_DEPLOYMENT_TARGET = 16.1;
				MARKETING_VERSION = 1.0;
				PRODUCT_BUNDLE_IDENTIFIER = mysample.CalendarUITests;
				PRODUCT_NAME = "$(TARGET_NAME)";
				SWIFT_EMIT_LOC_STRINGS = NO;
				SWIFT_VERSION = 5.0;
				TARGETED_DEVICE_FAMILY = "1,2";
				TEST_TARGET_NAME = enPiT2SUProduct;
			};
			name = Debug;
		};
		8A1A351A2943C5DF002B3B77 /* Release */ = {
			isa = XCBuildConfiguration;
			buildSettings = {
				CODE_SIGN_STYLE = Automatic;
				CURRENT_PROJECT_VERSION = 1;
				DEVELOPMENT_TEAM = 23SGV27Y3Y;
				GENERATE_INFOPLIST_FILE = YES;
				IPHONEOS_DEPLOYMENT_TARGET = 16.1;
				MARKETING_VERSION = 1.0;
				PRODUCT_BUNDLE_IDENTIFIER = mysample.CalendarUITests;
				PRODUCT_NAME = "$(TARGET_NAME)";
				SWIFT_EMIT_LOC_STRINGS = NO;
				SWIFT_VERSION = 5.0;
				TARGETED_DEVICE_FAMILY = "1,2";
				TEST_TARGET_NAME = enPiT2SUProduct;
			};
			name = Release;
		};
		FCB45D1E28E988B1002D9D59 /* Debug */ = {
			isa = XCBuildConfiguration;
			buildSettings = {
				ALWAYS_SEARCH_USER_PATHS = NO;
				CLANG_ANALYZER_NONNULL = YES;
				CLANG_ANALYZER_NUMBER_OBJECT_CONVERSION = YES_AGGRESSIVE;
				CLANG_CXX_LANGUAGE_STANDARD = "gnu++20";
				CLANG_ENABLE_MODULES = YES;
				CLANG_ENABLE_OBJC_ARC = YES;
				CLANG_ENABLE_OBJC_WEAK = YES;
				CLANG_WARN_BLOCK_CAPTURE_AUTORELEASING = YES;
				CLANG_WARN_BOOL_CONVERSION = YES;
				CLANG_WARN_COMMA = YES;
				CLANG_WARN_CONSTANT_CONVERSION = YES;
				CLANG_WARN_DEPRECATED_OBJC_IMPLEMENTATIONS = YES;
				CLANG_WARN_DIRECT_OBJC_ISA_USAGE = YES_ERROR;
				CLANG_WARN_DOCUMENTATION_COMMENTS = YES;
				CLANG_WARN_EMPTY_BODY = YES;
				CLANG_WARN_ENUM_CONVERSION = YES;
				CLANG_WARN_INFINITE_RECURSION = YES;
				CLANG_WARN_INT_CONVERSION = YES;
				CLANG_WARN_NON_LITERAL_NULL_CONVERSION = YES;
				CLANG_WARN_OBJC_IMPLICIT_RETAIN_SELF = YES;
				CLANG_WARN_OBJC_LITERAL_CONVERSION = YES;
				CLANG_WARN_OBJC_ROOT_CLASS = YES_ERROR;
				CLANG_WARN_QUOTED_INCLUDE_IN_FRAMEWORK_HEADER = YES;
				CLANG_WARN_RANGE_LOOP_ANALYSIS = YES;
				CLANG_WARN_STRICT_PROTOTYPES = YES;
				CLANG_WARN_SUSPICIOUS_MOVE = YES;
				CLANG_WARN_UNGUARDED_AVAILABILITY = YES_AGGRESSIVE;
				CLANG_WARN_UNREACHABLE_CODE = YES;
				CLANG_WARN__DUPLICATE_METHOD_MATCH = YES;
				COPY_PHASE_STRIP = NO;
				DEBUG_INFORMATION_FORMAT = dwarf;
				ENABLE_STRICT_OBJC_MSGSEND = YES;
				ENABLE_TESTABILITY = YES;
				GCC_C_LANGUAGE_STANDARD = gnu11;
				GCC_DYNAMIC_NO_PIC = NO;
				GCC_NO_COMMON_BLOCKS = YES;
				GCC_OPTIMIZATION_LEVEL = 0;
				GCC_PREPROCESSOR_DEFINITIONS = (
					"DEBUG=1",
					"$(inherited)",
				);
				GCC_WARN_64_TO_32_BIT_CONVERSION = YES;
				GCC_WARN_ABOUT_RETURN_TYPE = YES_ERROR;
				GCC_WARN_UNDECLARED_SELECTOR = YES;
				GCC_WARN_UNINITIALIZED_AUTOS = YES_AGGRESSIVE;
				GCC_WARN_UNUSED_FUNCTION = YES;
				GCC_WARN_UNUSED_VARIABLE = YES;
				IPHONEOS_DEPLOYMENT_TARGET = 16.0;
				MTL_ENABLE_DEBUG_INFO = INCLUDE_SOURCE;
				MTL_FAST_MATH = YES;
				ONLY_ACTIVE_ARCH = YES;
				SDKROOT = iphoneos;
				SWIFT_ACTIVE_COMPILATION_CONDITIONS = DEBUG;
				SWIFT_OPTIMIZATION_LEVEL = "-Onone";
			};
			name = Debug;
		};
		FCB45D1F28E988B1002D9D59 /* Release */ = {
			isa = XCBuildConfiguration;
			buildSettings = {
				ALWAYS_SEARCH_USER_PATHS = NO;
				CLANG_ANALYZER_NONNULL = YES;
				CLANG_ANALYZER_NUMBER_OBJECT_CONVERSION = YES_AGGRESSIVE;
				CLANG_CXX_LANGUAGE_STANDARD = "gnu++20";
				CLANG_ENABLE_MODULES = YES;
				CLANG_ENABLE_OBJC_ARC = YES;
				CLANG_ENABLE_OBJC_WEAK = YES;
				CLANG_WARN_BLOCK_CAPTURE_AUTORELEASING = YES;
				CLANG_WARN_BOOL_CONVERSION = YES;
				CLANG_WARN_COMMA = YES;
				CLANG_WARN_CONSTANT_CONVERSION = YES;
				CLANG_WARN_DEPRECATED_OBJC_IMPLEMENTATIONS = YES;
				CLANG_WARN_DIRECT_OBJC_ISA_USAGE = YES_ERROR;
				CLANG_WARN_DOCUMENTATION_COMMENTS = YES;
				CLANG_WARN_EMPTY_BODY = YES;
				CLANG_WARN_ENUM_CONVERSION = YES;
				CLANG_WARN_INFINITE_RECURSION = YES;
				CLANG_WARN_INT_CONVERSION = YES;
				CLANG_WARN_NON_LITERAL_NULL_CONVERSION = YES;
				CLANG_WARN_OBJC_IMPLICIT_RETAIN_SELF = YES;
				CLANG_WARN_OBJC_LITERAL_CONVERSION = YES;
				CLANG_WARN_OBJC_ROOT_CLASS = YES_ERROR;
				CLANG_WARN_QUOTED_INCLUDE_IN_FRAMEWORK_HEADER = YES;
				CLANG_WARN_RANGE_LOOP_ANALYSIS = YES;
				CLANG_WARN_STRICT_PROTOTYPES = YES;
				CLANG_WARN_SUSPICIOUS_MOVE = YES;
				CLANG_WARN_UNGUARDED_AVAILABILITY = YES_AGGRESSIVE;
				CLANG_WARN_UNREACHABLE_CODE = YES;
				CLANG_WARN__DUPLICATE_METHOD_MATCH = YES;
				COPY_PHASE_STRIP = NO;
				DEBUG_INFORMATION_FORMAT = "dwarf-with-dsym";
				ENABLE_NS_ASSERTIONS = NO;
				ENABLE_STRICT_OBJC_MSGSEND = YES;
				GCC_C_LANGUAGE_STANDARD = gnu11;
				GCC_NO_COMMON_BLOCKS = YES;
				GCC_WARN_64_TO_32_BIT_CONVERSION = YES;
				GCC_WARN_ABOUT_RETURN_TYPE = YES_ERROR;
				GCC_WARN_UNDECLARED_SELECTOR = YES;
				GCC_WARN_UNINITIALIZED_AUTOS = YES_AGGRESSIVE;
				GCC_WARN_UNUSED_FUNCTION = YES;
				GCC_WARN_UNUSED_VARIABLE = YES;
				IPHONEOS_DEPLOYMENT_TARGET = 16.0;
				MTL_ENABLE_DEBUG_INFO = NO;
				MTL_FAST_MATH = YES;
				SDKROOT = iphoneos;
				SWIFT_COMPILATION_MODE = wholemodule;
				SWIFT_OPTIMIZATION_LEVEL = "-O";
				VALIDATE_PRODUCT = YES;
			};
			name = Release;
		};
		FCB45D2128E988B1002D9D59 /* Debug */ = {
			isa = XCBuildConfiguration;
			buildSettings = {
				ASSETCATALOG_COMPILER_APPICON_NAME = AppIcon;
				ASSETCATALOG_COMPILER_GLOBAL_ACCENT_COLOR_NAME = AccentColor;
				CODE_SIGN_ENTITLEMENTS = enPiT2SUProduct/enPiT2SUProduct.entitlements;
				CODE_SIGN_STYLE = Automatic;
				CURRENT_PROJECT_VERSION = 1;
				DEVELOPMENT_TEAM = 73U69NSCGV;
				GENERATE_INFOPLIST_FILE = YES;
				INFOPLIST_FILE = enPiT2SUProduct/Info.plist;
				INFOPLIST_KEY_CFBundleDisplayName = "Mono-Lis";
				INFOPLIST_KEY_NSCalendarsUsageDescription = "";
				INFOPLIST_KEY_NSLocationAlwaysAndWhenInUseUsageDescription = "位置情報より通知する目的で使用します。";
				INFOPLIST_KEY_NSLocationWhenInUseUsageDescription = "位置情報より通知する目的で使用します。";
				INFOPLIST_KEY_UIApplicationSupportsIndirectInputEvents = YES;
				INFOPLIST_KEY_UILaunchStoryboardName = LaunchScreen;
				INFOPLIST_KEY_UIMainStoryboardFile = Main;
				INFOPLIST_KEY_UISupportedInterfaceOrientations = UIInterfaceOrientationPortrait;
				INFOPLIST_KEY_UISupportedInterfaceOrientations_iPad = "UIInterfaceOrientationLandscapeLeft UIInterfaceOrientationLandscapeRight UIInterfaceOrientationPortrait UIInterfaceOrientationPortraitUpsideDown";
				INFOPLIST_KEY_UIUserInterfaceStyle = Light;
				IPHONEOS_DEPLOYMENT_TARGET = 16.1;
				LD_RUNPATH_SEARCH_PATHS = (
					"$(inherited)",
					"@executable_path/Frameworks",
				);
				MARKETING_VERSION = 1.0;
				PRODUCT_BUNDLE_IDENTIFIER = "jp.ac.saitama-u-enPiT2SU-teamX.enPiT2SUProduct2023";
				PRODUCT_NAME = "$(TARGET_NAME)";
				SWIFT_EMIT_LOC_STRINGS = YES;
				SWIFT_VERSION = 5.0;
				TARGETED_DEVICE_FAMILY = "1,2";
			};
			name = Debug;
		};
		FCB45D2228E988B1002D9D59 /* Release */ = {
			isa = XCBuildConfiguration;
			buildSettings = {
				ASSETCATALOG_COMPILER_APPICON_NAME = AppIcon;
				ASSETCATALOG_COMPILER_GLOBAL_ACCENT_COLOR_NAME = AccentColor;
				CODE_SIGN_ENTITLEMENTS = enPiT2SUProduct/enPiT2SUProduct.entitlements;
				CODE_SIGN_STYLE = Automatic;
				CURRENT_PROJECT_VERSION = 1;
				DEVELOPMENT_TEAM = 73U69NSCGV;
				GENERATE_INFOPLIST_FILE = YES;
				INFOPLIST_FILE = enPiT2SUProduct/Info.plist;
				INFOPLIST_KEY_CFBundleDisplayName = "Mono-Lis";
				INFOPLIST_KEY_NSCalendarsUsageDescription = "";
				INFOPLIST_KEY_NSLocationAlwaysAndWhenInUseUsageDescription = "位置情報より通知する目的で使用します。";
				INFOPLIST_KEY_NSLocationWhenInUseUsageDescription = "位置情報より通知する目的で使用します。";
				INFOPLIST_KEY_UIApplicationSupportsIndirectInputEvents = YES;
				INFOPLIST_KEY_UILaunchStoryboardName = LaunchScreen;
				INFOPLIST_KEY_UIMainStoryboardFile = Main;
				INFOPLIST_KEY_UISupportedInterfaceOrientations = UIInterfaceOrientationPortrait;
				INFOPLIST_KEY_UISupportedInterfaceOrientations_iPad = "UIInterfaceOrientationLandscapeLeft UIInterfaceOrientationLandscapeRight UIInterfaceOrientationPortrait UIInterfaceOrientationPortraitUpsideDown";
				INFOPLIST_KEY_UIUserInterfaceStyle = Light;
				IPHONEOS_DEPLOYMENT_TARGET = 16.1;
				LD_RUNPATH_SEARCH_PATHS = (
					"$(inherited)",
					"@executable_path/Frameworks",
				);
				MARKETING_VERSION = 1.0;
				PRODUCT_BUNDLE_IDENTIFIER = "jp.ac.saitama-u-enPiT2SU-teamX.enPiT2SUProduct2023";
				PRODUCT_NAME = "$(TARGET_NAME)";
				SWIFT_EMIT_LOC_STRINGS = YES;
				SWIFT_VERSION = 5.0;
				TARGETED_DEVICE_FAMILY = "1,2";
			};
			name = Release;
		};
/* End XCBuildConfiguration section */

/* Begin XCConfigurationList section */
		8A1A350B2943C5C5002B3B77 /* Build configuration list for PBXNativeTarget "CalendarTests" */ = {
			isa = XCConfigurationList;
			buildConfigurations = (
				8A1A35092943C5C5002B3B77 /* Debug */,
				8A1A350A2943C5C5002B3B77 /* Release */,
			);
			defaultConfigurationIsVisible = 0;
			defaultConfigurationName = Release;
		};
		8A1A35182943C5DF002B3B77 /* Build configuration list for PBXNativeTarget "CalendarUITests" */ = {
			isa = XCConfigurationList;
			buildConfigurations = (
				8A1A35192943C5DF002B3B77 /* Debug */,
				8A1A351A2943C5DF002B3B77 /* Release */,
			);
			defaultConfigurationIsVisible = 0;
			defaultConfigurationName = Release;
		};
		FCB45D0728E988AE002D9D59 /* Build configuration list for PBXProject "enPiT2SUProduct" */ = {
			isa = XCConfigurationList;
			buildConfigurations = (
				FCB45D1E28E988B1002D9D59 /* Debug */,
				FCB45D1F28E988B1002D9D59 /* Release */,
			);
			defaultConfigurationIsVisible = 0;
			defaultConfigurationName = Release;
		};
		FCB45D2028E988B1002D9D59 /* Build configuration list for PBXNativeTarget "enPiT2SUProduct" */ = {
			isa = XCConfigurationList;
			buildConfigurations = (
				FCB45D2128E988B1002D9D59 /* Debug */,
				FCB45D2228E988B1002D9D59 /* Release */,
			);
			defaultConfigurationIsVisible = 0;
			defaultConfigurationName = Release;
		};
/* End XCConfigurationList section */
	};
	rootObject = FCB45D0428E988AE002D9D59 /* Project object */;
}
